// !$*UTF8*$!
{
	archiveVersion = 1;
	classes = {
	};
	objectVersion = 50;
	objects = {

/* Begin PBXBuildFile section */
		9C1020F224CC75EF001825B5 /* TableView.swift in Sources */ = {isa = PBXBuildFile; fileRef = 9C1020F124CC75EF001825B5 /* TableView.swift */; };
		9C1020F424CC766E001825B5 /* Others.swift in Sources */ = {isa = PBXBuildFile; fileRef = 9C1020F324CC766E001825B5 /* Others.swift */; };
		9CED87822490CDF100288FA0 /* AppDelegate.swift in Sources */ = {isa = PBXBuildFile; fileRef = 9CED87812490CDF100288FA0 /* AppDelegate.swift */; };
		9CED87842490CDF100288FA0 /* SceneDelegate.swift in Sources */ = {isa = PBXBuildFile; fileRef = 9CED87832490CDF100288FA0 /* SceneDelegate.swift */; };
		9CED87862490CDF100288FA0 /* ViewController.swift in Sources */ = {isa = PBXBuildFile; fileRef = 9CED87852490CDF100288FA0 /* ViewController.swift */; };
		9CED87892490CDF100288FA0 /* Main.storyboard in Resources */ = {isa = PBXBuildFile; fileRef = 9CED87872490CDF100288FA0 /* Main.storyboard */; };
		9CED878B2490CDF200288FA0 /* Assets.xcassets in Resources */ = {isa = PBXBuildFile; fileRef = 9CED878A2490CDF200288FA0 /* Assets.xcassets */; };
		9CED878E2490CDF200288FA0 /* LaunchScreen.storyboard in Resources */ = {isa = PBXBuildFile; fileRef = 9CED878C2490CDF200288FA0 /* LaunchScreen.storyboard */; };
/* End PBXBuildFile section */

/* Begin PBXFileReference section */
		9C1020F124CC75EF001825B5 /* TableView.swift */ = {isa = PBXFileReference; lastKnownFileType = sourcecode.swift; path = TableView.swift; sourceTree = "<group>"; };
		9C1020F324CC766E001825B5 /* Others.swift */ = {isa = PBXFileReference; lastKnownFileType = sourcecode.swift; path = Others.swift; sourceTree = "<group>"; };
		9CED877E2490CDF100288FA0 /* AuthSpeedTest.app */ = {isa = PBXFileReference; explicitFileType = wrapper.application; includeInIndex = 0; path = AuthSpeedTest.app; sourceTree = BUILT_PRODUCTS_DIR; };
		9CED87812490CDF100288FA0 /* AppDelegate.swift */ = {isa = PBXFileReference; lastKnownFileType = sourcecode.swift; path = AppDelegate.swift; sourceTree = "<group>"; };
		9CED87832490CDF100288FA0 /* SceneDelegate.swift */ = {isa = PBXFileReference; lastKnownFileType = sourcecode.swift; path = SceneDelegate.swift; sourceTree = "<group>"; };
		9CED87852490CDF100288FA0 /* ViewController.swift */ = {isa = PBXFileReference; lastKnownFileType = sourcecode.swift; path = ViewController.swift; sourceTree = "<group>"; };
		9CED87882490CDF100288FA0 /* Base */ = {isa = PBXFileReference; lastKnownFileType = file.storyboard; name = Base; path = Base.lproj/Main.storyboard; sourceTree = "<group>"; };
		9CED878A2490CDF200288FA0 /* Assets.xcassets */ = {isa = PBXFileReference; lastKnownFileType = folder.assetcatalog; path = Assets.xcassets; sourceTree = "<group>"; };
		9CED878D2490CDF200288FA0 /* Base */ = {isa = PBXFileReference; lastKnownFileType = file.storyboard; name = Base; path = Base.lproj/LaunchScreen.storyboard; sourceTree = "<group>"; };
		9CED878F2490CDF200288FA0 /* Info.plist */ = {isa = PBXFileReference; lastKnownFileType = text.plist.xml; path = Info.plist; sourceTree = "<group>"; };
		9CED87952490D5B700288FA0 /* AuthSpeedTest.entitlements */ = {isa = PBXFileReference; lastKnownFileType = text.plist.entitlements; path = AuthSpeedTest.entitlements; sourceTree = "<group>"; };
/* End PBXFileReference section */

/* Begin PBXFrameworksBuildPhase section */
		9CED877B2490CDF100288FA0 /* Frameworks */ = {
			isa = PBXFrameworksBuildPhase;
			buildActionMask = 2147483647;
			files = (
			);
			runOnlyForDeploymentPostprocessing = 0;
		};
/* End PBXFrameworksBuildPhase section */

/* Begin PBXGroup section */
		9CED87752490CDF100288FA0 = {
			isa = PBXGroup;
			children = (
				9CED87802490CDF100288FA0 /* AuthSpeedTest */,
				9CED877F2490CDF100288FA0 /* Products */,
			);
			sourceTree = "<group>";
		};
		9CED877F2490CDF100288FA0 /* Products */ = {
			isa = PBXGroup;
			children = (
				9CED877E2490CDF100288FA0 /* AuthSpeedTest.app */,
			);
			name = Products;
			sourceTree = "<group>";
		};
		9CED87802490CDF100288FA0 /* AuthSpeedTest */ = {
			isa = PBXGroup;
			children = (
				9CED87952490D5B700288FA0 /* AuthSpeedTest.entitlements */,
				9CED87812490CDF100288FA0 /* AppDelegate.swift */,
				9CED87832490CDF100288FA0 /* SceneDelegate.swift */,
				9CED87852490CDF100288FA0 /* ViewController.swift */,
				9C1020F124CC75EF001825B5 /* TableView.swift */,
				9C1020F324CC766E001825B5 /* Others.swift */,
				9CED87872490CDF100288FA0 /* Main.storyboard */,
				9CED878A2490CDF200288FA0 /* Assets.xcassets */,
				9CED878C2490CDF200288FA0 /* LaunchScreen.storyboard */,
				9CED878F2490CDF200288FA0 /* Info.plist */,
			);
			path = AuthSpeedTest;
			sourceTree = "<group>";
		};
/* End PBXGroup section */

/* Begin PBXNativeTarget section */
		9CED877D2490CDF100288FA0 /* AuthSpeedTest */ = {
			isa = PBXNativeTarget;
			buildConfigurationList = 9CED87922490CDF200288FA0 /* Build configuration list for PBXNativeTarget "AuthSpeedTest" */;
			buildPhases = (
				9CED877A2490CDF100288FA0 /* Sources */,
				9CED877B2490CDF100288FA0 /* Frameworks */,
				9CED877C2490CDF100288FA0 /* Resources */,
			);
			buildRules = (
			);
			dependencies = (
			);
			name = AuthSpeedTest;
			productName = AuthSpeedTest;
			productReference = 9CED877E2490CDF100288FA0 /* AuthSpeedTest.app */;
			productType = "com.apple.product-type.application";
		};
/* End PBXNativeTarget section */

/* Begin PBXProject section */
		9CED87762490CDF100288FA0 /* Project object */ = {
			isa = PBXProject;
			attributes = {
				LastSwiftUpdateCheck = 1150;
				LastUpgradeCheck = 1150;
				ORGANIZATIONNAME = Madrau;
				TargetAttributes = {
					9CED877D2490CDF100288FA0 = {
						CreatedOnToolsVersion = 11.5;
					};
				};
			};
			buildConfigurationList = 9CED87792490CDF100288FA0 /* Build configuration list for PBXProject "AuthSpeedTest" */;
			compatibilityVersion = "Xcode 9.3";
			developmentRegion = en;
			hasScannedForEncodings = 0;
			knownRegions = (
				en,
				Base,
			);
			mainGroup = 9CED87752490CDF100288FA0;
			productRefGroup = 9CED877F2490CDF100288FA0 /* Products */;
			projectDirPath = "";
			projectRoot = "";
			targets = (
				9CED877D2490CDF100288FA0 /* AuthSpeedTest */,
			);
		};
/* End PBXProject section */

/* Begin PBXResourcesBuildPhase section */
		9CED877C2490CDF100288FA0 /* Resources */ = {
			isa = PBXResourcesBuildPhase;
			buildActionMask = 2147483647;
			files = (
				9CED878E2490CDF200288FA0 /* LaunchScreen.storyboard in Resources */,
				9CED878B2490CDF200288FA0 /* Assets.xcassets in Resources */,
				9CED87892490CDF100288FA0 /* Main.storyboard in Resources */,
			);
			runOnlyForDeploymentPostprocessing = 0;
		};
/* End PBXResourcesBuildPhase section */

/* Begin PBXSourcesBuildPhase section */
		9CED877A2490CDF100288FA0 /* Sources */ = {
			isa = PBXSourcesBuildPhase;
			buildActionMask = 2147483647;
			files = (
				9CED87862490CDF100288FA0 /* ViewController.swift in Sources */,
				9C1020F424CC766E001825B5 /* Others.swift in Sources */,
				9C1020F224CC75EF001825B5 /* TableView.swift in Sources */,
				9CED87822490CDF100288FA0 /* AppDelegate.swift in Sources */,
				9CED87842490CDF100288FA0 /* SceneDelegate.swift in Sources */,
			);
			runOnlyForDeploymentPostprocessing = 0;
		};
/* End PBXSourcesBuildPhase section */

/* Begin PBXVariantGroup section */
		9CED87872490CDF100288FA0 /* Main.storyboard */ = {
			isa = PBXVariantGroup;
			children = (
				9CED87882490CDF100288FA0 /* Base */,
			);
			name = Main.storyboard;
			sourceTree = "<group>";
		};
		9CED878C2490CDF200288FA0 /* LaunchScreen.storyboard */ = {
			isa = PBXVariantGroup;
			children = (
				9CED878D2490CDF200288FA0 /* Base */,
			);
			name = LaunchScreen.storyboard;
			sourceTree = "<group>";
		};
/* End PBXVariantGroup section */

/* Begin XCBuildConfiguration section */
		9CED87902490CDF200288FA0 /* Debug */ = {
			isa = XCBuildConfiguration;
			buildSettings = {
				ALWAYS_SEARCH_USER_PATHS = NO;
				CLANG_ANALYZER_NONNULL = YES;
				CLANG_ANALYZER_NUMBER_OBJECT_CONVERSION = YES_AGGRESSIVE;
				CLANG_CXX_LANGUAGE_STANDARD = "gnu++14";
				CLANG_CXX_LIBRARY = "libc++";
				CLANG_ENABLE_MODULES = YES;
				CLANG_ENABLE_OBJC_ARC = YES;
				CLANG_ENABLE_OBJC_WEAK = YES;
				CLANG_WARN_BLOCK_CAPTURE_AUTORELEASING = YES;
				CLANG_WARN_BOOL_CONVERSION = YES;
				CLANG_WARN_COMMA = YES;
				CLANG_WARN_CONSTANT_CONVERSION = YES;
				CLANG_WARN_DEPRECATED_OBJC_IMPLEMENTATIONS = YES;
				CLANG_WARN_DIRECT_OBJC_ISA_USAGE = YES_ERROR;
				CLANG_WARN_DOCUMENTATION_COMMENTS = YES;
				CLANG_WARN_EMPTY_BODY = YES;
				CLANG_WARN_ENUM_CONVERSION = YES;
				CLANG_WARN_INFINITE_RECURSION = YES;
				CLANG_WARN_INT_CONVERSION = YES;
				CLANG_WARN_NON_LITERAL_NULL_CONVERSION = YES;
				CLANG_WARN_OBJC_IMPLICIT_RETAIN_SELF = YES;
				CLANG_WARN_OBJC_LITERAL_CONVERSION = YES;
				CLANG_WARN_OBJC_ROOT_CLASS = YES_ERROR;
				CLANG_WARN_RANGE_LOOP_ANALYSIS = YES;
				CLANG_WARN_STRICT_PROTOTYPES = YES;
				CLANG_WARN_SUSPICIOUS_MOVE = YES;
				CLANG_WARN_UNGUARDED_AVAILABILITY = YES_AGGRESSIVE;
				CLANG_WARN_UNREACHABLE_CODE = YES;
				CLANG_WARN__DUPLICATE_METHOD_MATCH = YES;
				COPY_PHASE_STRIP = NO;
				DEBUG_INFORMATION_FORMAT = dwarf;
				ENABLE_STRICT_OBJC_MSGSEND = YES;
				ENABLE_TESTABILITY = YES;
				GCC_C_LANGUAGE_STANDARD = gnu11;
				GCC_DYNAMIC_NO_PIC = NO;
				GCC_NO_COMMON_BLOCKS = YES;
				GCC_OPTIMIZATION_LEVEL = 0;
				GCC_PREPROCESSOR_DEFINITIONS = (
					"DEBUG=1",
					"$(inherited)",
				);
				GCC_WARN_64_TO_32_BIT_CONVERSION = YES;
				GCC_WARN_ABOUT_RETURN_TYPE = YES_ERROR;
				GCC_WARN_UNDECLARED_SELECTOR = YES;
				GCC_WARN_UNINITIALIZED_AUTOS = YES_AGGRESSIVE;
				GCC_WARN_UNUSED_FUNCTION = YES;
				GCC_WARN_UNUSED_VARIABLE = YES;
				IPHONEOS_DEPLOYMENT_TARGET = 13.5;
				MTL_ENABLE_DEBUG_INFO = INCLUDE_SOURCE;
				MTL_FAST_MATH = YES;
				ONLY_ACTIVE_ARCH = YES;
				SDKROOT = iphoneos;
				SWIFT_ACTIVE_COMPILATION_CONDITIONS = DEBUG;
				SWIFT_OPTIMIZATION_LEVEL = "-Onone";
			};
			name = Debug;
		};
		9CED87912490CDF200288FA0 /* Release */ = {
			isa = XCBuildConfiguration;
			buildSettings = {
				ALWAYS_SEARCH_USER_PATHS = NO;
				CLANG_ANALYZER_NONNULL = YES;
				CLANG_ANALYZER_NUMBER_OBJECT_CONVERSION = YES_AGGRESSIVE;
				CLANG_CXX_LANGUAGE_STANDARD = "gnu++14";
				CLANG_CXX_LIBRARY = "libc++";
				CLANG_ENABLE_MODULES = YES;
				CLANG_ENABLE_OBJC_ARC = YES;
				CLANG_ENABLE_OBJC_WEAK = YES;
				CLANG_WARN_BLOCK_CAPTURE_AUTORELEASING = YES;
				CLANG_WARN_BOOL_CONVERSION = YES;
				CLANG_WARN_COMMA = YES;
				CLANG_WARN_CONSTANT_CONVERSION = YES;
				CLANG_WARN_DEPRECATED_OBJC_IMPLEMENTATIONS = YES;
				CLANG_WARN_DIRECT_OBJC_ISA_USAGE = YES_ERROR;
				CLANG_WARN_DOCUMENTATION_COMMENTS = YES;
				CLANG_WARN_EMPTY_BODY = YES;
				CLANG_WARN_ENUM_CONVERSION = YES;
				CLANG_WARN_INFINITE_RECURSION = YES;
				CLANG_WARN_INT_CONVERSION = YES;
				CLANG_WARN_NON_LITERAL_NULL_CONVERSION = YES;
				CLANG_WARN_OBJC_IMPLICIT_RETAIN_SELF = YES;
				CLANG_WARN_OBJC_LITERAL_CONVERSION = YES;
				CLANG_WARN_OBJC_ROOT_CLASS = YES_ERROR;
				CLANG_WARN_RANGE_LOOP_ANALYSIS = YES;
				CLANG_WARN_STRICT_PROTOTYPES = YES;
				CLANG_WARN_SUSPICIOUS_MOVE = YES;
				CLANG_WARN_UNGUARDED_AVAILABILITY = YES_AGGRESSIVE;
				CLANG_WARN_UNREACHABLE_CODE = YES;
				CLANG_WARN__DUPLICATE_METHOD_MATCH = YES;
				COPY_PHASE_STRIP = NO;
				DEBUG_INFORMATION_FORMAT = "dwarf-with-dsym";
				ENABLE_NS_ASSERTIONS = NO;
				ENABLE_STRICT_OBJC_MSGSEND = YES;
				GCC_C_LANGUAGE_STANDARD = gnu11;
				GCC_NO_COMMON_BLOCKS = YES;
				GCC_WARN_64_TO_32_BIT_CONVERSION = YES;
				GCC_WARN_ABOUT_RETURN_TYPE = YES_ERROR;
				GCC_WARN_UNDECLARED_SELECTOR = YES;
				GCC_WARN_UNINITIALIZED_AUTOS = YES_AGGRESSIVE;
				GCC_WARN_UNUSED_FUNCTION = YES;
				GCC_WARN_UNUSED_VARIABLE = YES;
				IPHONEOS_DEPLOYMENT_TARGET = 13.5;
				MTL_ENABLE_DEBUG_INFO = NO;
				MTL_FAST_MATH = YES;
				SDKROOT = iphoneos;
				SWIFT_COMPILATION_MODE = wholemodule;
				SWIFT_OPTIMIZATION_LEVEL = "-O";
				VALIDATE_PRODUCT = YES;
			};
			name = Release;
		};
		9CED87932490CDF200288FA0 /* Debug */ = {
			isa = XCBuildConfiguration;
			buildSettings = {
				ASSETCATALOG_COMPILER_APPICON_NAME = AppIcon;
				CODE_SIGN_ENTITLEMENTS = AuthSpeedTest/AuthSpeedTest.entitlements;
				CODE_SIGN_STYLE = Automatic;
				DEVELOPMENT_TEAM = 6QFSV6DH55;
				INFOPLIST_FILE = AuthSpeedTest/Info.plist;
				IPHONEOS_DEPLOYMENT_TARGET = 13.0;
				LD_RUNPATH_SEARCH_PATHS = (
					"$(inherited)",
					"@executable_path/Frameworks",
				);
				PRODUCT_BUNDLE_IDENTIFIER = com.madrau.AuthSpeedTest;
				PRODUCT_NAME = "$(TARGET_NAME)";
				SUPPORTS_MACCATALYST = YES;
				SWIFT_VERSION = 5.0;
				TARGETED_DEVICE_FAMILY = "1,2";
			};
			name = Debug;
		};
		9CED87942490CDF200288FA0 /* Release */ = {
			isa = XCBuildConfiguration;
			buildSettings = {
				ASSETCATALOG_COMPILER_APPICON_NAME = AppIcon;
				CODE_SIGN_ENTITLEMENTS = AuthSpeedTest/AuthSpeedTest.entitlements;
				CODE_SIGN_STYLE = Automatic;
				DEVELOPMENT_TEAM = 6QFSV6DH55;
				INFOPLIST_FILE = AuthSpeedTest/Info.plist;
				IPHONEOS_DEPLOYMENT_TARGET = 13.0;
				LD_RUNPATH_SEARCH_PATHS = (
					"$(inherited)",
					"@executable_path/Frameworks",
				);
				PRODUCT_BUNDLE_IDENTIFIER = com.madrau.AuthSpeedTest;
				PRODUCT_NAME = "$(TARGET_NAME)";
				SUPPORTS_MACCATALYST = YES;
				SWIFT_VERSION = 5.0;
				TARGETED_DEVICE_FAMILY = "1,2";
			};
			name = Release;
		};
/* End XCBuildConfiguration section */

/* Begin XCConfigurationList section */
		9CED87792490CDF100288FA0 /* Build configuration list for PBXProject "AuthSpeedTest" */ = {
			isa = XCConfigurationList;
			buildConfigurations = (
				9CED87902490CDF200288FA0 /* Debug */,
				9CED87912490CDF200288FA0 /* Release */,
			);
			defaultConfigurationIsVisible = 0;
			defaultConfigurationName = Release;
		};
		9CED87922490CDF200288FA0 /* Build configuration list for PBXNativeTarget "AuthSpeedTest" */ = {
			isa = XCConfigurationList;
			buildConfigurations = (
				9CED87932490CDF200288FA0 /* Debug */,
				9CED87942490CDF200288FA0 /* Release */,
			);
			defaultConfigurationIsVisible = 0;
			defaultConfigurationName = Release;
		};
/* End XCConfigurationList section */
	};
	rootObject = 9CED87762490CDF100288FA0 /* Project object */;
}
